
Microsoft Visual Studio Solution File, Format Version 12.00
# Visual Studio Version 17
VisualStudioVersion = 17.1.32328.378
MinimumVisualStudioVersion = 10.0.40219.1
Project("{FAE04EC0-301F-11D3-BF4B-00C04F79EFBC}") = "NLP_API.Server", "Server\NLP_API.Server.csproj", "{30B93DAF-4FF5-4549-87A9-3A30E1096676}"
EndProject
Project("{FAE04EC0-301F-11D3-BF4B-00C04F79EFBC}") = "NLP_API.Client", "Client\NLP_API.Client.csproj", "{DEC1E4E9-0F3D-4834-BD67-9695A3BB9833}"
EndProject
Project("{FAE04EC0-301F-11D3-BF4B-00C04F79EFBC}") = "NLP_API.Shared", "Shared\NLP_API.Shared.csproj", "{BE7C1C39-F383-4931-95FA-14477BD96D73}"
EndProject
Global
	GlobalSection(SolutionConfigurationPlatforms) = preSolution
		Debug|Any CPU = Debug|Any CPU
		Release|Any CPU = Release|Any CPU
	EndGlobalSection
	GlobalSection(ProjectConfigurationPlatforms) = postSolution
		{30B93DAF-4FF5-4549-87A9-3A30E1096676}.Debug|Any CPU.ActiveCfg = Debug|Any CPU
		{30B93DAF-4FF5-4549-87A9-3A30E1096676}.Debug|Any CPU.Build.0 = Debug|Any CPU
		{30B93DAF-4FF5-4549-87A9-3A30E1096676}.Release|Any CPU.ActiveCfg = Release|Any CPU
		{30B93DAF-4FF5-4549-87A9-3A30E1096676}.Release|Any CPU.Build.0 = Release|Any CPU
		{DEC1E4E9-0F3D-4834-BD67-9695A3BB9833}.Debug|Any CPU.ActiveCfg = Debug|Any CPU
		{DEC1E4E9-0F3D-4834-BD67-9695A3BB9833}.Debug|Any CPU.Build.0 = Debug|Any CPU
		{DEC1E4E9-0F3D-4834-BD67-9695A3BB9833}.Release|Any CPU.ActiveCfg = Release|Any CPU
		{DEC1E4E9-0F3D-4834-BD67-9695A3BB9833}.Release|Any CPU.Build.0 = Release|Any CPU
		{BE7C1C39-F383-4931-95FA-14477BD96D73}.Debug|Any CPU.ActiveCfg = Debug|Any CPU
		{BE7C1C39-F383-4931-95FA-14477BD96D73}.Debug|Any CPU.Build.0 = Debug|Any CPU
		{BE7C1C39-F383-4931-95FA-14477BD96D73}.Release|Any CPU.ActiveCfg = Release|Any CPU
		{BE7C1C39-F383-4931-95FA-14477BD96D73}.Release|Any CPU.Build.0 = Release|Any CPU
	EndGlobalSection
	GlobalSection(SolutionProperties) = preSolution
		HideSolutionNode = FALSE
	EndGlobalSection
	GlobalSection(ExtensibilityGlobals) = postSolution
		SolutionGuid = {2D2E605A-0A7D-468F-9AC1-6A941D7B8230}
	EndGlobalSection
EndGlobal
